
Microsoft Visual Studio Solution File, Format Version 12.00
# Visual Studio Version 16
VisualStudioVersion = 16.0.30517.126
MinimumVisualStudioVersion = 10.0.40219.1
Project("{FAE04EC0-301F-11D3-BF4B-00C04F79EFBC}") = "HotelReservationSystem", "HotelReservationSystem.csproj", "{14258DBF-FDD5-4F35-B48E-8901BE844AA0}"
EndProject
Project("{FAE04EC0-301F-11D3-BF4B-00C04F79EFBC}") = "HotelReservationSystemTest", "HotelReservationSystemTest\HotelReservationSystemTest.csproj", "{0D9F3618-2836-4926-81BC-06C0F95BED89}"
EndProject
Global
	GlobalSection(SolutionConfigurationPlatforms) = preSolution
		Debug|Any CPU = Debug|Any CPU
		Release|Any CPU = Release|Any CPU
	EndGlobalSection
	GlobalSection(ProjectConfigurationPlatforms) = postSolution
		{14258DBF-FDD5-4F35-B48E-8901BE844AA0}.Debug|Any CPU.ActiveCfg = Debug|Any CPU
		{14258DBF-FDD5-4F35-B48E-8901BE844AA0}.Debug|Any CPU.Build.0 = Debug|Any CPU
		{14258DBF-FDD5-4F35-B48E-8901BE844AA0}.Release|Any CPU.ActiveCfg = Release|Any CPU
		{14258DBF-FDD5-4F35-B48E-8901BE844AA0}.Release|Any CPU.Build.0 = Release|Any CPU
		{0D9F3618-2836-4926-81BC-06C0F95BED89}.Debug|Any CPU.ActiveCfg = Debug|Any CPU
		{0D9F3618-2836-4926-81BC-06C0F95BED89}.Debug|Any CPU.Build.0 = Debug|Any CPU
		{0D9F3618-2836-4926-81BC-06C0F95BED89}.Release|Any CPU.ActiveCfg = Release|Any CPU
		{0D9F3618-2836-4926-81BC-06C0F95BED89}.Release|Any CPU.Build.0 = Release|Any CPU
	EndGlobalSection
	GlobalSection(SolutionProperties) = preSolution
		HideSolutionNode = FALSE
	EndGlobalSection
	GlobalSection(ExtensibilityGlobals) = postSolution
		SolutionGuid = {6B27C2E1-4F5D-4369-BC90-6ABDD484B620}
	EndGlobalSection
EndGlobal
